
Microsoft Visual Studio Solution File, Format Version 12.00
# Visual Studio Version 17
VisualStudioVersion = 17.5.33414.496
MinimumVisualStudioVersion = 10.0.40219.1
Project("{FAE04EC0-301F-11D3-BF4B-00C04F79EFBC}") = "File manager", "File manager\File manager.csproj", "{7F04835D-B526-47B3-ACE7-F135C5C4DE3B}"
EndProject
Global
	GlobalSection(SolutionConfigurationPlatforms) = preSolution
		Debug|Any CPU = Debug|Any CPU
		Release|Any CPU = Release|Any CPU
	EndGlobalSection
	GlobalSection(ProjectConfigurationPlatforms) = postSolution
		{7F04835D-B526-47B3-ACE7-F135C5C4DE3B}.Debug|Any CPU.ActiveCfg = Debug|Any CPU
		{7F04835D-B526-47B3-ACE7-F135C5C4DE3B}.Debug|Any CPU.Build.0 = Debug|Any CPU
		{7F04835D-B526-47B3-ACE7-F135C5C4DE3B}.Release|Any CPU.ActiveCfg = Release|Any CPU
		{7F04835D-B526-47B3-ACE7-F135C5C4DE3B}.Release|Any CPU.Build.0 = Release|Any CPU
	EndGlobalSection
	GlobalSection(SolutionProperties) = preSolution
		HideSolutionNode = FALSE
	EndGlobalSection
	GlobalSection(ExtensibilityGlobals) = postSolution
		SolutionGuid = {5D95D487-5AE9-42F2-8D00-B0058FA7501A}
	EndGlobalSection
EndGlobal
